lockfileVersion: '9.0'

settings:
  autoInstallPeers: true
  excludeLinksFromLockfile: false

importers:

  .:
    dependencies:
      zod:
        specifier: ^4.0.0-beta.20250414T061543
        version: 4.0.0-beta.20250414T061543
    devDependencies:
      '@types/node':
        specifier: ^22.13.10
        version: 22.14.1

packages:

  '@types/node@22.14.1':
    resolution: {integrity: sha512-u0HuPQwe/dHrItgHHpmw3N2fYCR6x4ivMNbPHRkBVP4CvN+kiRrKHWk3i8tXiO/joPwXLMYvF9TTF0eqgHIuOw==}

  '@zod/core@0.5.0':
    resolution: {integrity: sha512-9EW5fOng5558DM68WmVtecPzHuROdB5AcBVOBVqtPIup1quYRxxzwzT9+BPNX5Pr+so0wP/Hxv8+pCrBbjKQeg==}

  undici-types@6.21.0:
    resolution: {integrity: sha512-iwDZqg0QAGrg9Rav5H4n0M64c3mkR59cJ6wQp+7C4nI0gsmExaedaYLNO44eT4AtBBwjbTiGPMlt2Md0T9H9JQ==}

  zod@4.0.0-beta.20250414T061543:
    resolution: {integrity: sha512-1X7/cVHAWBt9jEIIg2Q2GFEApZy1VYe+YBxsjwVMmDZfMvn09CylsKLGZtfjZ/cwYrJha0OIWOh+MouaOj3Zdg==}

snapshots:

  '@types/node@22.14.1':
    dependencies:
      undici-types: 6.21.0

  '@zod/core@0.5.0': {}

  undici-types@6.21.0: {}

  zod@4.0.0-beta.20250414T061543:
    dependencies:
      '@zod/core': 0.5.0
